{
	"name": "@nsc/shared",
	"version": "1.0.0",
	"lockfileVersion": 2,
	"requires": true,
	"packages": {
		"": {
			"name": "@nsc/shared",
			"version": "1.0.0",
			"license": "ISC",
			"dependencies": {
				"immutable": "^4.0.0-rc.12"
			}
		},
		"node_modules/immutable": {
			"version": "4.0.0-rc.12",
			"resolved": "https://registry.npmjs.org/immutable/-/immutable-4.0.0-rc.12.tgz",
			"integrity": "sha512-0M2XxkZLx/mi3t8NVwIm1g8nHoEmM9p9UBl/G9k4+hm0kBgOVdMV/B3CY5dQ8qG8qc80NN4gDV4HQv6FTJ5q7A=="
		}
	},
	"dependencies": {
		"immutable": {
			"version": "4.0.0-rc.12",
			"resolved": "https://registry.npmjs.org/immutable/-/immutable-4.0.0-rc.12.tgz",
			"integrity": "sha512-0M2XxkZLx/mi3t8NVwIm1g8nHoEmM9p9UBl/G9k4+hm0kBgOVdMV/B3CY5dQ8qG8qc80NN4gDV4HQv6FTJ5q7A=="
		}
	}
}
